
Microsoft Visual Studio Solution File, Format Version 12.00
# Visual Studio 2013
VisualStudioVersion = 12.0.31101.0
MinimumVisualStudioVersion = 10.0.40219.1
Project("{FAE04EC0-301F-11D3-BF4B-00C04F79EFBC}") = "MediatR.Tests", "MediatR.Tests\MediatR.Tests.csproj", "{B81A30EB-BAC9-4FEA-8D65-FCBC2CDAC52B}"
EndProject
Project("{FAE04EC0-301F-11D3-BF4B-00C04F79EFBC}") = "MediatR", "MediatR\MediatR.csproj", "{190B8788-C109-4C50-A340-C15895884179}"
EndProject
Global
	GlobalSection(SolutionConfigurationPlatforms) = preSolution
		Debug|Any CPU = Debug|Any CPU
		Release|Any CPU = Release|Any CPU
	EndGlobalSection
	GlobalSection(ProjectConfigurationPlatforms) = postSolution
		{B81A30EB-BAC9-4FEA-8D65-FCBC2CDAC52B}.Debug|Any CPU.ActiveCfg = Debug|Any CPU
		{B81A30EB-BAC9-4FEA-8D65-FCBC2CDAC52B}.Debug|Any CPU.Build.0 = Debug|Any CPU
		{B81A30EB-BAC9-4FEA-8D65-FCBC2CDAC52B}.Release|Any CPU.ActiveCfg = Release|Any CPU
		{B81A30EB-BAC9-4FEA-8D65-FCBC2CDAC52B}.Release|Any CPU.Build.0 = Release|Any CPU
		{190B8788-C109-4C50-A340-C15895884179}.Debug|Any CPU.ActiveCfg = Debug|Any CPU
		{190B8788-C109-4C50-A340-C15895884179}.Debug|Any CPU.Build.0 = Debug|Any CPU
		{190B8788-C109-4C50-A340-C15895884179}.Release|Any CPU.ActiveCfg = Release|Any CPU
		{190B8788-C109-4C50-A340-C15895884179}.Release|Any CPU.Build.0 = Release|Any CPU
	EndGlobalSection
	GlobalSection(SolutionProperties) = preSolution
		HideSolutionNode = FALSE
	EndGlobalSection
EndGlobal
